PODS:
  - Changeset (3.0)
  - ReSwift (4.0.0)
  - ReSwiftDataSource (1.2.0):
    - Changeset
    - ReSwift

DEPENDENCIES:
  - ReSwiftDataSource (from `../`)

EXTERNAL SOURCES:
  ReSwiftDataSource:
    :path: ../

SPEC CHECKSUMS:
  Changeset: cbb84a74639049a7b96fc64851e8a9cfcc3c9989
  ReSwift: f058ef13b46ae5f463f10605ccbbb7fb04424d8d
  ReSwiftDataSource: 6328868455562ad0f68f0ebb3129d9e1e051c016

PODFILE CHECKSUM: 59435b9a7de9bcc84b30647077bdc33f91711bb7

COCOAPODS: 1.4.0.beta.2
