PODS:
  - Changeset (2.1.2)
  - ReSwift (4.0.0)
  - ReSwiftDataSource (1.1.1):
    - Changeset
    - ReSwift

DEPENDENCIES:
  - ReSwiftDataSource (from `../`)

EXTERNAL SOURCES:
  ReSwiftDataSource:
    :path: ../

SPEC CHECKSUMS:
  Changeset: 58ffd3e157651f8aba3964bf723d4ed649d2071b
  ReSwift: f058ef13b46ae5f463f10605ccbbb7fb04424d8d
  ReSwiftDataSource: dca9ce4874335a3ddb7c3c44f05278628db9ca29

PODFILE CHECKSUM: 59435b9a7de9bcc84b30647077bdc33f91711bb7

COCOAPODS: 1.3.1
