// !$*UTF8*$!
{
	archiveVersion = 1;
	classes = {
	};
	objectVersion = 48;
	objects = {

/* Begin PBXBuildFile section */
		B6B5AF192029C3F00020B5F2 /* ReSwiftDataSource_iOS.framework in Frameworks */ = {isa = PBXBuildFile; fileRef = B6B5AF102029C3F00020B5F2 /* ReSwiftDataSource_iOS.framework */; };
		B6B5AF1E2029C3F00020B5F2 /* ReSwiftDataSource_iOSTests.swift in Sources */ = {isa = PBXBuildFile; fileRef = B6B5AF1D2029C3F00020B5F2 /* ReSwiftDataSource_iOSTests.swift */; };
		B6B5AF202029C3F00020B5F2 /* ReSwiftDataSource_iOS.h in Headers */ = {isa = PBXBuildFile; fileRef = B6B5AF122029C3F00020B5F2 /* ReSwiftDataSource_iOS.h */; settings = {ATTRIBUTES = (Public, ); }; };
		B6B5AF392029C42F0020B5F2 /* TableWrapper.swift in Sources */ = {isa = PBXBuildFile; fileRef = B6B5AF292029C42F0020B5F2 /* TableWrapper.swift */; };
		B6B5AF3A2029C42F0020B5F2 /* ReduxRegistrar.swift in Sources */ = {isa = PBXBuildFile; fileRef = B6B5AF2A2029C42F0020B5F2 /* ReduxRegistrar.swift */; };
		B6B5AF3B2029C42F0020B5F2 /* CollectionWrapper.swift in Sources */ = {isa = PBXBuildFile; fileRef = B6B5AF2C2029C42F0020B5F2 /* CollectionWrapper.swift */; };
		B6B5AF3C2029C42F0020B5F2 /* ReuseIdProtocol.swift in Sources */ = {isa = PBXBuildFile; fileRef = B6B5AF2D2029C42F0020B5F2 /* ReuseIdProtocol.swift */; };
		B6B5AF3D2029C42F0020B5F2 /* Item.swift in Sources */ = {isa = PBXBuildFile; fileRef = B6B5AF2E2029C42F0020B5F2 /* Item.swift */; };
		B6B5AF3E2029C42F0020B5F2 /* .gitkeep in Resources */ = {isa = PBXBuildFile; fileRef = B6B5AF2F2029C42F0020B5F2 /* .gitkeep */; };
		B6B5AF3F2029C42F0020B5F2 /* Describer.swift in Sources */ = {isa = PBXBuildFile; fileRef = B6B5AF302029C42F0020B5F2 /* Describer.swift */; };
		B6B5AF402029C42F0020B5F2 /* batchIndexSets.swift in Sources */ = {isa = PBXBuildFile; fileRef = B6B5AF312029C42F0020B5F2 /* batchIndexSets.swift */; };
		B6B5AF412029C42F0020B5F2 /* DataSourceState.swift in Sources */ = {isa = PBXBuildFile; fileRef = B6B5AF332029C42F0020B5F2 /* DataSourceState.swift */; };
		B6B5AF422029C42F0020B5F2 /* DataSourceReducer.swift in Sources */ = {isa = PBXBuildFile; fileRef = B6B5AF342029C42F0020B5F2 /* DataSourceReducer.swift */; };
		B6B5AF432029C42F0020B5F2 /* DataSourceStateOperation.swift in Sources */ = {isa = PBXBuildFile; fileRef = B6B5AF352029C42F0020B5F2 /* DataSourceStateOperation.swift */; };
		B6B5AF442029C42F0020B5F2 /* DataSourceAction.swift in Sources */ = {isa = PBXBuildFile; fileRef = B6B5AF362029C42F0020B5F2 /* DataSourceAction.swift */; };
		B6B5AF452029C42F0020B5F2 /* ReusableView.swift in Sources */ = {isa = PBXBuildFile; fileRef = B6B5AF372029C42F0020B5F2 /* ReusableView.swift */; };
		B6B5AF462029C42F0020B5F2 /* ItemSection.swift in Sources */ = {isa = PBXBuildFile; fileRef = B6B5AF382029C42F0020B5F2 /* ItemSection.swift */; };
		B6B5AF4A2029C44C0020B5F2 /* Changeset.framework in Frameworks */ = {isa = PBXBuildFile; fileRef = B6B5AF482029C44C0020B5F2 /* Changeset.framework */; };
		B6B5AF4B2029C44C0020B5F2 /* ReSwift.framework in Frameworks */ = {isa = PBXBuildFile; fileRef = B6B5AF492029C44C0020B5F2 /* ReSwift.framework */; };
/* End PBXBuildFile section */

/* Begin PBXContainerItemProxy section */
		B6B5AF1A2029C3F00020B5F2 /* PBXContainerItemProxy */ = {
			isa = PBXContainerItemProxy;
			containerPortal = B6B5AEE82029C37E0020B5F2 /* Project object */;
			proxyType = 1;
			remoteGlobalIDString = B6B5AF0F2029C3F00020B5F2;
			remoteInfo = "ReSwiftDataSource-iOS";
		};
/* End PBXContainerItemProxy section */

/* Begin PBXFileReference section */
		B6B5AF102029C3F00020B5F2 /* ReSwiftDataSource_iOS.framework */ = {isa = PBXFileReference; explicitFileType = wrapper.framework; includeInIndex = 0; path = ReSwiftDataSource_iOS.framework; sourceTree = BUILT_PRODUCTS_DIR; };
		B6B5AF122029C3F00020B5F2 /* ReSwiftDataSource_iOS.h */ = {isa = PBXFileReference; lastKnownFileType = sourcecode.c.h; path = ReSwiftDataSource_iOS.h; sourceTree = "<group>"; };
		B6B5AF132029C3F00020B5F2 /* Info.plist */ = {isa = PBXFileReference; lastKnownFileType = text.plist.xml; path = Info.plist; sourceTree = "<group>"; };
		B6B5AF182029C3F00020B5F2 /* ReSwiftDataSource-iOSTests.xctest */ = {isa = PBXFileReference; explicitFileType = wrapper.cfbundle; includeInIndex = 0; path = "ReSwiftDataSource-iOSTests.xctest"; sourceTree = BUILT_PRODUCTS_DIR; };
		B6B5AF1D2029C3F00020B5F2 /* ReSwiftDataSource_iOSTests.swift */ = {isa = PBXFileReference; lastKnownFileType = sourcecode.swift; path = ReSwiftDataSource_iOSTests.swift; sourceTree = "<group>"; };
		B6B5AF1F2029C3F00020B5F2 /* Info.plist */ = {isa = PBXFileReference; lastKnownFileType = text.plist.xml; path = Info.plist; sourceTree = "<group>"; };
		B6B5AF292029C42F0020B5F2 /* TableWrapper.swift */ = {isa = PBXFileReference; fileEncoding = 4; lastKnownFileType = sourcecode.swift; path = TableWrapper.swift; sourceTree = "<group>"; };
		B6B5AF2A2029C42F0020B5F2 /* ReduxRegistrar.swift */ = {isa = PBXFileReference; fileEncoding = 4; lastKnownFileType = sourcecode.swift; path = ReduxRegistrar.swift; sourceTree = "<group>"; };
		B6B5AF2C2029C42F0020B5F2 /* CollectionWrapper.swift */ = {isa = PBXFileReference; fileEncoding = 4; lastKnownFileType = sourcecode.swift; path = CollectionWrapper.swift; sourceTree = "<group>"; };
		B6B5AF2D2029C42F0020B5F2 /* ReuseIdProtocol.swift */ = {isa = PBXFileReference; fileEncoding = 4; lastKnownFileType = sourcecode.swift; path = ReuseIdProtocol.swift; sourceTree = "<group>"; };
		B6B5AF2E2029C42F0020B5F2 /* Item.swift */ = {isa = PBXFileReference; fileEncoding = 4; lastKnownFileType = sourcecode.swift; path = Item.swift; sourceTree = "<group>"; };
		B6B5AF2F2029C42F0020B5F2 /* .gitkeep */ = {isa = PBXFileReference; fileEncoding = 4; lastKnownFileType = text; path = .gitkeep; sourceTree = "<group>"; };
		B6B5AF302029C42F0020B5F2 /* Describer.swift */ = {isa = PBXFileReference; fileEncoding = 4; lastKnownFileType = sourcecode.swift; path = Describer.swift; sourceTree = "<group>"; };
		B6B5AF312029C42F0020B5F2 /* batchIndexSets.swift */ = {isa = PBXFileReference; fileEncoding = 4; lastKnownFileType = sourcecode.swift; path = batchIndexSets.swift; sourceTree = "<group>"; };
		B6B5AF332029C42F0020B5F2 /* DataSourceState.swift */ = {isa = PBXFileReference; fileEncoding = 4; lastKnownFileType = sourcecode.swift; path = DataSourceState.swift; sourceTree = "<group>"; };
		B6B5AF342029C42F0020B5F2 /* DataSourceReducer.swift */ = {isa = PBXFileReference; fileEncoding = 4; lastKnownFileType = sourcecode.swift; path = DataSourceReducer.swift; sourceTree = "<group>"; };
		B6B5AF352029C42F0020B5F2 /* DataSourceStateOperation.swift */ = {isa = PBXFileReference; fileEncoding = 4; lastKnownFileType = sourcecode.swift; path = DataSourceStateOperation.swift; sourceTree = "<group>"; };
		B6B5AF362029C42F0020B5F2 /* DataSourceAction.swift */ = {isa = PBXFileReference; fileEncoding = 4; lastKnownFileType = sourcecode.swift; path = DataSourceAction.swift; sourceTree = "<group>"; };
		B6B5AF372029C42F0020B5F2 /* ReusableView.swift */ = {isa = PBXFileReference; fileEncoding = 4; lastKnownFileType = sourcecode.swift; path = ReusableView.swift; sourceTree = "<group>"; };
		B6B5AF382029C42F0020B5F2 /* ItemSection.swift */ = {isa = PBXFileReference; fileEncoding = 4; lastKnownFileType = sourcecode.swift; path = ItemSection.swift; sourceTree = "<group>"; };
		B6B5AF482029C44C0020B5F2 /* Changeset.framework */ = {isa = PBXFileReference; lastKnownFileType = wrapper.framework; name = Changeset.framework; path = Carthage/Build/iOS/Changeset.framework; sourceTree = "<group>"; };
		B6B5AF492029C44C0020B5F2 /* ReSwift.framework */ = {isa = PBXFileReference; lastKnownFileType = wrapper.framework; name = ReSwift.framework; path = Carthage/Build/iOS/ReSwift.framework; sourceTree = "<group>"; };
/* End PBXFileReference section */

/* Begin PBXFrameworksBuildPhase section */
		B6B5AF0C2029C3F00020B5F2 /* Frameworks */ = {
			isa = PBXFrameworksBuildPhase;
			buildActionMask = 2147483647;
			files = (
				B6B5AF4A2029C44C0020B5F2 /* Changeset.framework in Frameworks */,
				B6B5AF4B2029C44C0020B5F2 /* ReSwift.framework in Frameworks */,
			);
			runOnlyForDeploymentPostprocessing = 0;
		};
		B6B5AF152029C3F00020B5F2 /* Frameworks */ = {
			isa = PBXFrameworksBuildPhase;
			buildActionMask = 2147483647;
			files = (
				B6B5AF192029C3F00020B5F2 /* ReSwiftDataSource_iOS.framework in Frameworks */,
			);
			runOnlyForDeploymentPostprocessing = 0;
		};
/* End PBXFrameworksBuildPhase section */

/* Begin PBXGroup section */
		B6B5AEE72029C37E0020B5F2 = {
			isa = PBXGroup;
			children = (
				B6B5AF112029C3F00020B5F2 /* ReSwiftDataSource-iOS */,
				B6B5AF1C2029C3F00020B5F2 /* ReSwiftDataSource-iOSTests */,
				B6B5AEF22029C37E0020B5F2 /* Products */,
				B6B5AF472029C44C0020B5F2 /* Frameworks */,
			);
			sourceTree = "<group>";
		};
		B6B5AEF22029C37E0020B5F2 /* Products */ = {
			isa = PBXGroup;
			children = (
				B6B5AF102029C3F00020B5F2 /* ReSwiftDataSource_iOS.framework */,
				B6B5AF182029C3F00020B5F2 /* ReSwiftDataSource-iOSTests.xctest */,
			);
			name = Products;
			sourceTree = "<group>";
		};
		B6B5AF112029C3F00020B5F2 /* ReSwiftDataSource-iOS */ = {
			isa = PBXGroup;
			children = (
				B6B5AF272029C42F0020B5F2 /* Source */,
				B6B5AF122029C3F00020B5F2 /* ReSwiftDataSource_iOS.h */,
				B6B5AF132029C3F00020B5F2 /* Info.plist */,
			);
			path = "ReSwiftDataSource-iOS";
			sourceTree = "<group>";
		};
		B6B5AF1C2029C3F00020B5F2 /* ReSwiftDataSource-iOSTests */ = {
			isa = PBXGroup;
			children = (
				B6B5AF1D2029C3F00020B5F2 /* ReSwiftDataSource_iOSTests.swift */,
				B6B5AF1F2029C3F00020B5F2 /* Info.plist */,
			);
			path = "ReSwiftDataSource-iOSTests";
			sourceTree = "<group>";
		};
		B6B5AF272029C42F0020B5F2 /* Source */ = {
			isa = PBXGroup;
			children = (
				B6B5AF282029C42F0020B5F2 /* TableView */,
				B6B5AF2A2029C42F0020B5F2 /* ReduxRegistrar.swift */,
				B6B5AF2B2029C42F0020B5F2 /* CollectionView */,
				B6B5AF2D2029C42F0020B5F2 /* ReuseIdProtocol.swift */,
				B6B5AF2E2029C42F0020B5F2 /* Item.swift */,
				B6B5AF2F2029C42F0020B5F2 /* .gitkeep */,
				B6B5AF302029C42F0020B5F2 /* Describer.swift */,
				B6B5AF312029C42F0020B5F2 /* batchIndexSets.swift */,
				B6B5AF322029C42F0020B5F2 /* ReSwift */,
				B6B5AF372029C42F0020B5F2 /* ReusableView.swift */,
				B6B5AF382029C42F0020B5F2 /* ItemSection.swift */,
			);
			name = Source;
			path = ReSwiftDataSource/Source;
			sourceTree = SOURCE_ROOT;
		};
		B6B5AF282029C42F0020B5F2 /* TableView */ = {
			isa = PBXGroup;
			children = (
				B6B5AF292029C42F0020B5F2 /* TableWrapper.swift */,
			);
			path = TableView;
			sourceTree = "<group>";
		};
		B6B5AF2B2029C42F0020B5F2 /* CollectionView */ = {
			isa = PBXGroup;
			children = (
				B6B5AF2C2029C42F0020B5F2 /* CollectionWrapper.swift */,
			);
			path = CollectionView;
			sourceTree = "<group>";
		};
		B6B5AF322029C42F0020B5F2 /* ReSwift */ = {
			isa = PBXGroup;
			children = (
				B6B5AF332029C42F0020B5F2 /* DataSourceState.swift */,
				B6B5AF342029C42F0020B5F2 /* DataSourceReducer.swift */,
				B6B5AF352029C42F0020B5F2 /* DataSourceStateOperation.swift */,
				B6B5AF362029C42F0020B5F2 /* DataSourceAction.swift */,
			);
			path = ReSwift;
			sourceTree = "<group>";
		};
		B6B5AF472029C44C0020B5F2 /* Frameworks */ = {
			isa = PBXGroup;
			children = (
				B6B5AF482029C44C0020B5F2 /* Changeset.framework */,
				B6B5AF492029C44C0020B5F2 /* ReSwift.framework */,
			);
			name = Frameworks;
			sourceTree = "<group>";
		};
/* End PBXGroup section */

/* Begin PBXHeadersBuildPhase section */
		B6B5AF0D2029C3F00020B5F2 /* Headers */ = {
			isa = PBXHeadersBuildPhase;
			buildActionMask = 2147483647;
			files = (
				B6B5AF202029C3F00020B5F2 /* ReSwiftDataSource_iOS.h in Headers */,
			);
			runOnlyForDeploymentPostprocessing = 0;
		};
/* End PBXHeadersBuildPhase section */

/* Begin PBXNativeTarget section */
		B6B5AF0F2029C3F00020B5F2 /* ReSwiftDataSource-iOS */ = {
			isa = PBXNativeTarget;
			buildConfigurationList = B6B5AF212029C3F00020B5F2 /* Build configuration list for PBXNativeTarget "ReSwiftDataSource-iOS" */;
			buildPhases = (
				B6B5AF0B2029C3F00020B5F2 /* Sources */,
				B6B5AF0C2029C3F00020B5F2 /* Frameworks */,
				B6B5AF0D2029C3F00020B5F2 /* Headers */,
				B6B5AF0E2029C3F00020B5F2 /* Resources */,
			);
			buildRules = (
			);
			dependencies = (
			);
			name = "ReSwiftDataSource-iOS";
			productName = "ReSwiftDataSource-iOS";
			productReference = B6B5AF102029C3F00020B5F2 /* ReSwiftDataSource_iOS.framework */;
			productType = "com.apple.product-type.framework";
		};
		B6B5AF172029C3F00020B5F2 /* ReSwiftDataSource-iOSTests */ = {
			isa = PBXNativeTarget;
			buildConfigurationList = B6B5AF242029C3F00020B5F2 /* Build configuration list for PBXNativeTarget "ReSwiftDataSource-iOSTests" */;
			buildPhases = (
				B6B5AF142029C3F00020B5F2 /* Sources */,
				B6B5AF152029C3F00020B5F2 /* Frameworks */,
				B6B5AF162029C3F00020B5F2 /* Resources */,
			);
			buildRules = (
			);
			dependencies = (
				B6B5AF1B2029C3F00020B5F2 /* PBXTargetDependency */,
			);
			name = "ReSwiftDataSource-iOSTests";
			productName = "ReSwiftDataSource-iOSTests";
			productReference = B6B5AF182029C3F00020B5F2 /* ReSwiftDataSource-iOSTests.xctest */;
			productType = "com.apple.product-type.bundle.unit-test";
		};
/* End PBXNativeTarget section */

/* Begin PBXProject section */
		B6B5AEE82029C37E0020B5F2 /* Project object */ = {
			isa = PBXProject;
			attributes = {
				LastSwiftUpdateCheck = 0920;
				LastUpgradeCheck = 0920;
				ORGANIZATIONNAME = "SiSo Mollov";
				TargetAttributes = {
					B6B5AF0F2029C3F00020B5F2 = {
						CreatedOnToolsVersion = 9.2;
						ProvisioningStyle = Automatic;
					};
					B6B5AF172029C3F00020B5F2 = {
						CreatedOnToolsVersion = 9.2;
						ProvisioningStyle = Automatic;
					};
				};
			};
			buildConfigurationList = B6B5AEEB2029C37E0020B5F2 /* Build configuration list for PBXProject "ReSwiftDataSource" */;
			compatibilityVersion = "Xcode 8.0";
			developmentRegion = en;
			hasScannedForEncodings = 0;
			knownRegions = (
				en,
			);
			mainGroup = B6B5AEE72029C37E0020B5F2;
			productRefGroup = B6B5AEF22029C37E0020B5F2 /* Products */;
			projectDirPath = "";
			projectRoot = "";
			targets = (
				B6B5AF0F2029C3F00020B5F2 /* ReSwiftDataSource-iOS */,
				B6B5AF172029C3F00020B5F2 /* ReSwiftDataSource-iOSTests */,
			);
		};
/* End PBXProject section */

/* Begin PBXResourcesBuildPhase section */
		B6B5AF0E2029C3F00020B5F2 /* Resources */ = {
			isa = PBXResourcesBuildPhase;
			buildActionMask = 2147483647;
			files = (
				B6B5AF3E2029C42F0020B5F2 /* .gitkeep in Resources */,
			);
			runOnlyForDeploymentPostprocessing = 0;
		};
		B6B5AF162029C3F00020B5F2 /* Resources */ = {
			isa = PBXResourcesBuildPhase;
			buildActionMask = 2147483647;
			files = (
			);
			runOnlyForDeploymentPostprocessing = 0;
		};
/* End PBXResourcesBuildPhase section */

/* Begin PBXSourcesBuildPhase section */
		B6B5AF0B2029C3F00020B5F2 /* Sources */ = {
			isa = PBXSourcesBuildPhase;
			buildActionMask = 2147483647;
			files = (
				B6B5AF3D2029C42F0020B5F2 /* Item.swift in Sources */,
				B6B5AF462029C42F0020B5F2 /* ItemSection.swift in Sources */,
				B6B5AF402029C42F0020B5F2 /* batchIndexSets.swift in Sources */,
				B6B5AF3A2029C42F0020B5F2 /* ReduxRegistrar.swift in Sources */,
				B6B5AF452029C42F0020B5F2 /* ReusableView.swift in Sources */,
				B6B5AF392029C42F0020B5F2 /* TableWrapper.swift in Sources */,
				B6B5AF412029C42F0020B5F2 /* DataSourceState.swift in Sources */,
				B6B5AF3F2029C42F0020B5F2 /* Describer.swift in Sources */,
				B6B5AF432029C42F0020B5F2 /* DataSourceStateOperation.swift in Sources */,
				B6B5AF3B2029C42F0020B5F2 /* CollectionWrapper.swift in Sources */,
				B6B5AF422029C42F0020B5F2 /* DataSourceReducer.swift in Sources */,
				B6B5AF442029C42F0020B5F2 /* DataSourceAction.swift in Sources */,
				B6B5AF3C2029C42F0020B5F2 /* ReuseIdProtocol.swift in Sources */,
			);
			runOnlyForDeploymentPostprocessing = 0;
		};
		B6B5AF142029C3F00020B5F2 /* Sources */ = {
			isa = PBXSourcesBuildPhase;
			buildActionMask = 2147483647;
			files = (
				B6B5AF1E2029C3F00020B5F2 /* ReSwiftDataSource_iOSTests.swift in Sources */,
			);
			runOnlyForDeploymentPostprocessing = 0;
		};
/* End PBXSourcesBuildPhase section */

/* Begin PBXTargetDependency section */
		B6B5AF1B2029C3F00020B5F2 /* PBXTargetDependency */ = {
			isa = PBXTargetDependency;
			target = B6B5AF0F2029C3F00020B5F2 /* ReSwiftDataSource-iOS */;
			targetProxy = B6B5AF1A2029C3F00020B5F2 /* PBXContainerItemProxy */;
		};
/* End PBXTargetDependency section */

/* Begin XCBuildConfiguration section */
		B6B5AF032029C37E0020B5F2 /* Debug */ = {
			isa = XCBuildConfiguration;
			buildSettings = {
				ALWAYS_SEARCH_USER_PATHS = NO;
				CLANG_ANALYZER_NONNULL = YES;
				CLANG_ANALYZER_NUMBER_OBJECT_CONVERSION = YES_AGGRESSIVE;
				CLANG_CXX_LANGUAGE_STANDARD = "gnu++14";
				CLANG_CXX_LIBRARY = "libc++";
				CLANG_ENABLE_MODULES = YES;
				CLANG_ENABLE_OBJC_ARC = YES;
				CLANG_WARN_BLOCK_CAPTURE_AUTORELEASING = YES;
				CLANG_WARN_BOOL_CONVERSION = YES;
				CLANG_WARN_COMMA = YES;
				CLANG_WARN_CONSTANT_CONVERSION = YES;
				CLANG_WARN_DIRECT_OBJC_ISA_USAGE = YES_ERROR;
				CLANG_WARN_DOCUMENTATION_COMMENTS = YES;
				CLANG_WARN_EMPTY_BODY = YES;
				CLANG_WARN_ENUM_CONVERSION = YES;
				CLANG_WARN_INFINITE_RECURSION = YES;
				CLANG_WARN_INT_CONVERSION = YES;
				CLANG_WARN_NON_LITERAL_NULL_CONVERSION = YES;
				CLANG_WARN_OBJC_LITERAL_CONVERSION = YES;
				CLANG_WARN_OBJC_ROOT_CLASS = YES_ERROR;
				CLANG_WARN_RANGE_LOOP_ANALYSIS = YES;
				CLANG_WARN_STRICT_PROTOTYPES = YES;
				CLANG_WARN_SUSPICIOUS_MOVE = YES;
				CLANG_WARN_UNGUARDED_AVAILABILITY = YES_AGGRESSIVE;
				CLANG_WARN_UNREACHABLE_CODE = YES;
				CLANG_WARN__DUPLICATE_METHOD_MATCH = YES;
				CODE_SIGN_IDENTITY = "iPhone Developer";
				COPY_PHASE_STRIP = NO;
				CURRENT_PROJECT_VERSION = 1;
				DEBUG_INFORMATION_FORMAT = dwarf;
				ENABLE_STRICT_OBJC_MSGSEND = YES;
				ENABLE_TESTABILITY = YES;
				GCC_C_LANGUAGE_STANDARD = gnu11;
				GCC_DYNAMIC_NO_PIC = NO;
				GCC_NO_COMMON_BLOCKS = YES;
				GCC_OPTIMIZATION_LEVEL = 0;
				GCC_PREPROCESSOR_DEFINITIONS = (
					"DEBUG=1",
					"$(inherited)",
				);
				GCC_WARN_64_TO_32_BIT_CONVERSION = YES;
				GCC_WARN_ABOUT_RETURN_TYPE = YES_ERROR;
				GCC_WARN_UNDECLARED_SELECTOR = YES;
				GCC_WARN_UNINITIALIZED_AUTOS = YES_AGGRESSIVE;
				GCC_WARN_UNUSED_FUNCTION = YES;
				GCC_WARN_UNUSED_VARIABLE = YES;
				IPHONEOS_DEPLOYMENT_TARGET = 11.2;
				MTL_ENABLE_DEBUG_INFO = YES;
				ONLY_ACTIVE_ARCH = YES;
				SDKROOT = iphoneos;
				SWIFT_ACTIVE_COMPILATION_CONDITIONS = DEBUG;
				SWIFT_OPTIMIZATION_LEVEL = "-Onone";
				VERSIONING_SYSTEM = "apple-generic";
				VERSION_INFO_PREFIX = "";
			};
			name = Debug;
		};
		B6B5AF042029C37E0020B5F2 /* Release */ = {
			isa = XCBuildConfiguration;
			buildSettings = {
				ALWAYS_SEARCH_USER_PATHS = NO;
				CLANG_ANALYZER_NONNULL = YES;
				CLANG_ANALYZER_NUMBER_OBJECT_CONVERSION = YES_AGGRESSIVE;
				CLANG_CXX_LANGUAGE_STANDARD = "gnu++14";
				CLANG_CXX_LIBRARY = "libc++";
				CLANG_ENABLE_MODULES = YES;
				CLANG_ENABLE_OBJC_ARC = YES;
				CLANG_WARN_BLOCK_CAPTURE_AUTORELEASING = YES;
				CLANG_WARN_BOOL_CONVERSION = YES;
				CLANG_WARN_COMMA = YES;
				CLANG_WARN_CONSTANT_CONVERSION = YES;
				CLANG_WARN_DIRECT_OBJC_ISA_USAGE = YES_ERROR;
				CLANG_WARN_DOCUMENTATION_COMMENTS = YES;
				CLANG_WARN_EMPTY_BODY = YES;
				CLANG_WARN_ENUM_CONVERSION = YES;
				CLANG_WARN_INFINITE_RECURSION = YES;
				CLANG_WARN_INT_CONVERSION = YES;
				CLANG_WARN_NON_LITERAL_NULL_CONVERSION = YES;
				CLANG_WARN_OBJC_LITERAL_CONVERSION = YES;
				CLANG_WARN_OBJC_ROOT_CLASS = YES_ERROR;
				CLANG_WARN_RANGE_LOOP_ANALYSIS = YES;
				CLANG_WARN_STRICT_PROTOTYPES = YES;
				CLANG_WARN_SUSPICIOUS_MOVE = YES;
				CLANG_WARN_UNGUARDED_AVAILABILITY = YES_AGGRESSIVE;
				CLANG_WARN_UNREACHABLE_CODE = YES;
				CLANG_WARN__DUPLICATE_METHOD_MATCH = YES;
				CODE_SIGN_IDENTITY = "iPhone Developer";
				COPY_PHASE_STRIP = NO;
				CURRENT_PROJECT_VERSION = 1;
				DEBUG_INFORMATION_FORMAT = "dwarf-with-dsym";
				ENABLE_NS_ASSERTIONS = NO;
				ENABLE_STRICT_OBJC_MSGSEND = YES;
				GCC_C_LANGUAGE_STANDARD = gnu11;
				GCC_NO_COMMON_BLOCKS = YES;
				GCC_WARN_64_TO_32_BIT_CONVERSION = YES;
				GCC_WARN_ABOUT_RETURN_TYPE = YES_ERROR;
				GCC_WARN_UNDECLARED_SELECTOR = YES;
				GCC_WARN_UNINITIALIZED_AUTOS = YES_AGGRESSIVE;
				GCC_WARN_UNUSED_FUNCTION = YES;
				GCC_WARN_UNUSED_VARIABLE = YES;
				IPHONEOS_DEPLOYMENT_TARGET = 11.2;
				MTL_ENABLE_DEBUG_INFO = NO;
				SDKROOT = iphoneos;
				SWIFT_OPTIMIZATION_LEVEL = "-Owholemodule";
				VALIDATE_PRODUCT = YES;
				VERSIONING_SYSTEM = "apple-generic";
				VERSION_INFO_PREFIX = "";
			};
			name = Release;
		};
		B6B5AF222029C3F00020B5F2 /* Debug */ = {
			isa = XCBuildConfiguration;
			buildSettings = {
				CODE_SIGN_IDENTITY = "";
				CODE_SIGN_STYLE = Automatic;
				DEFINES_MODULE = YES;
				DYLIB_COMPATIBILITY_VERSION = 1;
				DYLIB_CURRENT_VERSION = 1;
				DYLIB_INSTALL_NAME_BASE = "@rpath";
				FRAMEWORK_SEARCH_PATHS = (
					"$(inherited)",
					"$(PROJECT_DIR)/Carthage/Build/iOS",
				);
				INFOPLIST_FILE = "ReSwiftDataSource-iOS/Info.plist";
				INSTALL_PATH = "$(LOCAL_LIBRARY_DIR)/Frameworks";
				LD_RUNPATH_SEARCH_PATHS = "$(inherited) @executable_path/Frameworks @loader_path/Frameworks";
				PRODUCT_BUNDLE_IDENTIFIER = "com.inceptdevelopment.Diasyst.ReSwiftDataSource-iOS";
				PRODUCT_NAME = "$(TARGET_NAME:c99extidentifier)";
				SKIP_INSTALL = YES;
				SWIFT_VERSION = 4.0;
				TARGETED_DEVICE_FAMILY = "1,2";
			};
			name = Debug;
		};
		B6B5AF232029C3F00020B5F2 /* Release */ = {
			isa = XCBuildConfiguration;
			buildSettings = {
				CODE_SIGN_IDENTITY = "";
				CODE_SIGN_STYLE = Automatic;
				DEFINES_MODULE = YES;
				DYLIB_COMPATIBILITY_VERSION = 1;
				DYLIB_CURRENT_VERSION = 1;
				DYLIB_INSTALL_NAME_BASE = "@rpath";
				FRAMEWORK_SEARCH_PATHS = (
					"$(inherited)",
					"$(PROJECT_DIR)/Carthage/Build/iOS",
				);
				INFOPLIST_FILE = "ReSwiftDataSource-iOS/Info.plist";
				INSTALL_PATH = "$(LOCAL_LIBRARY_DIR)/Frameworks";
				LD_RUNPATH_SEARCH_PATHS = "$(inherited) @executable_path/Frameworks @loader_path/Frameworks";
				PRODUCT_BUNDLE_IDENTIFIER = "com.inceptdevelopment.Diasyst.ReSwiftDataSource-iOS";
				PRODUCT_NAME = "$(TARGET_NAME:c99extidentifier)";
				SKIP_INSTALL = YES;
				SWIFT_VERSION = 4.0;
				TARGETED_DEVICE_FAMILY = "1,2";
			};
			name = Release;
		};
		B6B5AF252029C3F00020B5F2 /* Debug */ = {
			isa = XCBuildConfiguration;
			buildSettings = {
				ALWAYS_EMBED_SWIFT_STANDARD_LIBRARIES = YES;
				CODE_SIGN_STYLE = Automatic;
				INFOPLIST_FILE = "ReSwiftDataSource-iOSTests/Info.plist";
				LD_RUNPATH_SEARCH_PATHS = "$(inherited) @executable_path/Frameworks @loader_path/Frameworks";
				PRODUCT_BUNDLE_IDENTIFIER = "com.inceptdevelopment.Diasyst.ReSwiftDataSource-iOSTests";
				PRODUCT_NAME = "$(TARGET_NAME)";
				SWIFT_VERSION = 4.0;
				TARGETED_DEVICE_FAMILY = "1,2";
			};
			name = Debug;
		};
		B6B5AF262029C3F00020B5F2 /* Release */ = {
			isa = XCBuildConfiguration;
			buildSettings = {
				ALWAYS_EMBED_SWIFT_STANDARD_LIBRARIES = YES;
				CODE_SIGN_STYLE = Automatic;
				INFOPLIST_FILE = "ReSwiftDataSource-iOSTests/Info.plist";
				LD_RUNPATH_SEARCH_PATHS = "$(inherited) @executable_path/Frameworks @loader_path/Frameworks";
				PRODUCT_BUNDLE_IDENTIFIER = "com.inceptdevelopment.Diasyst.ReSwiftDataSource-iOSTests";
				PRODUCT_NAME = "$(TARGET_NAME)";
				SWIFT_VERSION = 4.0;
				TARGETED_DEVICE_FAMILY = "1,2";
			};
			name = Release;
		};
/* End XCBuildConfiguration section */

/* Begin XCConfigurationList section */
		B6B5AEEB2029C37E0020B5F2 /* Build configuration list for PBXProject "ReSwiftDataSource" */ = {
			isa = XCConfigurationList;
			buildConfigurations = (
				B6B5AF032029C37E0020B5F2 /* Debug */,
				B6B5AF042029C37E0020B5F2 /* Release */,
			);
			defaultConfigurationIsVisible = 0;
			defaultConfigurationName = Release;
		};
		B6B5AF212029C3F00020B5F2 /* Build configuration list for PBXNativeTarget "ReSwiftDataSource-iOS" */ = {
			isa = XCConfigurationList;
			buildConfigurations = (
				B6B5AF222029C3F00020B5F2 /* Debug */,
				B6B5AF232029C3F00020B5F2 /* Release */,
			);
			defaultConfigurationIsVisible = 0;
			defaultConfigurationName = Release;
		};
		B6B5AF242029C3F00020B5F2 /* Build configuration list for PBXNativeTarget "ReSwiftDataSource-iOSTests" */ = {
			isa = XCConfigurationList;
			buildConfigurations = (
				B6B5AF252029C3F00020B5F2 /* Debug */,
				B6B5AF262029C3F00020B5F2 /* Release */,
			);
			defaultConfigurationIsVisible = 0;
			defaultConfigurationName = Release;
		};
/* End XCConfigurationList section */
	};
	rootObject = B6B5AEE82029C37E0020B5F2 /* Project object */;
}
